
Microsoft Visual Studio Solution File, Format Version 12.00
# Visual Studio Version 17
VisualStudioVersion = 17.2.32630.192
MinimumVisualStudioVersion = 10.0.40219.1
Project("{FAE04EC0-301F-11D3-BF4B-00C04F79EFBC}") = "thing", "thing\thing.csproj", "{18DFDDC0-39F7-47C7-8262-E94534D631B4}"
EndProject
Project("{FAE04EC0-301F-11D3-BF4B-00C04F79EFBC}") = "thing_console", "thing_console\thing_console.csproj", "{B110CD67-F764-48CB-ACC3-5FEBF95A6066}"
EndProject
Global
	GlobalSection(SolutionConfigurationPlatforms) = preSolution
		Debug|Any CPU = Debug|Any CPU
		Release|Any CPU = Release|Any CPU
	EndGlobalSection
	GlobalSection(ProjectConfigurationPlatforms) = postSolution
		{18DFDDC0-39F7-47C7-8262-E94534D631B4}.Debug|Any CPU.ActiveCfg = Debug|Any CPU
		{18DFDDC0-39F7-47C7-8262-E94534D631B4}.Debug|Any CPU.Build.0 = Debug|Any CPU
		{18DFDDC0-39F7-47C7-8262-E94534D631B4}.Release|Any CPU.ActiveCfg = Release|Any CPU
		{18DFDDC0-39F7-47C7-8262-E94534D631B4}.Release|Any CPU.Build.0 = Release|Any CPU
		{B110CD67-F764-48CB-ACC3-5FEBF95A6066}.Debug|Any CPU.ActiveCfg = Debug|Any CPU
		{B110CD67-F764-48CB-ACC3-5FEBF95A6066}.Debug|Any CPU.Build.0 = Debug|Any CPU
		{B110CD67-F764-48CB-ACC3-5FEBF95A6066}.Release|Any CPU.ActiveCfg = Release|Any CPU
		{B110CD67-F764-48CB-ACC3-5FEBF95A6066}.Release|Any CPU.Build.0 = Release|Any CPU
	EndGlobalSection
	GlobalSection(SolutionProperties) = preSolution
		HideSolutionNode = FALSE
	EndGlobalSection
	GlobalSection(ExtensibilityGlobals) = postSolution
		SolutionGuid = {ABA017BC-224B-404D-B19E-54180BC82CE8}
	EndGlobalSection
EndGlobal
